// !$*UTF8*$!
{
	archiveVersion = 1;
	classes = {
	};
	objectVersion = 46;
	objects = {

/* Begin PBXBuildFile section */
		00AD83121B874971005579DD /* main.m in Sources */ = {isa = PBXBuildFile; fileRef = 00AD83111B874971005579DD /* main.m */; };
		00AD83151B874971005579DD /* AppDelegate.m in Sources */ = {isa = PBXBuildFile; fileRef = 00AD83141B874971005579DD /* AppDelegate.m */; };
		00AD83181B874971005579DD /* ViewController.m in Sources */ = {isa = PBXBuildFile; fileRef = 00AD83171B874971005579DD /* ViewController.m */; };
		00AD831B1B874971005579DD /* Main.storyboard in Resources */ = {isa = PBXBuildFile; fileRef = 00AD83191B874971005579DD /* Main.storyboard */; };
		00AD831D1B874971005579DD /* Images.xcassets in Resources */ = {isa = PBXBuildFile; fileRef = 00AD831C1B874971005579DD /* Images.xcassets */; };
		00AD83201B874971005579DD /* LaunchScreen.xib in Resources */ = {isa = PBXBuildFile; fileRef = 00AD831E1B874971005579DD /* LaunchScreen.xib */; };
		00AD832C1B874971005579DD /* MarkedTests.m in Sources */ = {isa = PBXBuildFile; fileRef = 00AD832B1B874971005579DD /* MarkedTests.m */; };
		00FCF3221B87929500F01997 /* AddLocationViewController.m in Sources */ = {isa = PBXBuildFile; fileRef = 00FCF3211B87929500F01997 /* AddLocationViewController.m */; };
		00FCF3241B87944500F01997 /* MapKit.framework in Frameworks */ = {isa = PBXBuildFile; fileRef = 00FCF3231B87944500F01997 /* MapKit.framework */; };
		00FCF3271B88AD7A00F01997 /* EventsViewController.m in Sources */ = {isa = PBXBuildFile; fileRef = 00FCF3261B88AD7A00F01997 /* EventsViewController.m */; };
		00FCF32A1B8909C800F01997 /* EventDetailsViewController.m in Sources */ = {isa = PBXBuildFile; fileRef = 00FCF3291B8909C800F01997 /* EventDetailsViewController.m */; };
		AB890C7F1BF8D1D2EC1143A9 /* libPods.a in Frameworks */ = {isa = PBXBuildFile; fileRef = C1BEAF9DB3559D8F1C069D6C /* libPods.a */; };
/* End PBXBuildFile section */

/* Begin PBXContainerItemProxy section */
		00AD83261B874971005579DD /* PBXContainerItemProxy */ = {
			isa = PBXContainerItemProxy;
			containerPortal = 00AD83041B874971005579DD /* Project object */;
			proxyType = 1;
			remoteGlobalIDString = 00AD830B1B874971005579DD;
			remoteInfo = Marked;
		};
/* End PBXContainerItemProxy section */

/* Begin PBXFileReference section */
		00AD830C1B874971005579DD /* Marked.app */ = {isa = PBXFileReference; explicitFileType = wrapper.application; includeInIndex = 0; path = Marked.app; sourceTree = BUILT_PRODUCTS_DIR; };
		00AD83101B874971005579DD /* Info.plist */ = {isa = PBXFileReference; lastKnownFileType = text.plist.xml; path = Info.plist; sourceTree = "<group>"; };
		00AD83111B874971005579DD /* main.m */ = {isa = PBXFileReference; lastKnownFileType = sourcecode.c.objc; path = main.m; sourceTree = "<group>"; };
		00AD83131B874971005579DD /* AppDelegate.h */ = {isa = PBXFileReference; lastKnownFileType = sourcecode.c.h; path = AppDelegate.h; sourceTree = "<group>"; };
		00AD83141B874971005579DD /* AppDelegate.m */ = {isa = PBXFileReference; lastKnownFileType = sourcecode.c.objc; path = AppDelegate.m; sourceTree = "<group>"; };
		00AD83161B874971005579DD /* ViewController.h */ = {isa = PBXFileReference; lastKnownFileType = sourcecode.c.h; path = ViewController.h; sourceTree = "<group>"; };
		00AD83171B874971005579DD /* ViewController.m */ = {isa = PBXFileReference; lastKnownFileType = sourcecode.c.objc; path = ViewController.m; sourceTree = "<group>"; };
		00AD831A1B874971005579DD /* Base */ = {isa = PBXFileReference; lastKnownFileType = file.storyboard; name = Base; path = Base.lproj/Main.storyboard; sourceTree = "<group>"; };
		00AD831C1B874971005579DD /* Images.xcassets */ = {isa = PBXFileReference; lastKnownFileType = folder.assetcatalog; path = Images.xcassets; sourceTree = "<group>"; };
		00AD831F1B874971005579DD /* Base */ = {isa = PBXFileReference; lastKnownFileType = file.xib; name = Base; path = Base.lproj/LaunchScreen.xib; sourceTree = "<group>"; };
		00AD83251B874971005579DD /* MarkedTests.xctest */ = {isa = PBXFileReference; explicitFileType = wrapper.cfbundle; includeInIndex = 0; path = MarkedTests.xctest; sourceTree = BUILT_PRODUCTS_DIR; };
		00AD832A1B874971005579DD /* Info.plist */ = {isa = PBXFileReference; lastKnownFileType = text.plist.xml; path = Info.plist; sourceTree = "<group>"; };
		00AD832B1B874971005579DD /* MarkedTests.m */ = {isa = PBXFileReference; lastKnownFileType = sourcecode.c.objc; path = MarkedTests.m; sourceTree = "<group>"; };
		00FCF3201B87929500F01997 /* AddLocationViewController.h */ = {isa = PBXFileReference; fileEncoding = 4; lastKnownFileType = sourcecode.c.h; path = AddLocationViewController.h; sourceTree = "<group>"; };
		00FCF3211B87929500F01997 /* AddLocationViewController.m */ = {isa = PBXFileReference; fileEncoding = 4; lastKnownFileType = sourcecode.c.objc; path = AddLocationViewController.m; sourceTree = "<group>"; };
		00FCF3231B87944500F01997 /* MapKit.framework */ = {isa = PBXFileReference; lastKnownFileType = wrapper.framework; name = MapKit.framework; path = System/Library/Frameworks/MapKit.framework; sourceTree = SDKROOT; };
		00FCF3251B88AD7A00F01997 /* EventsViewController.h */ = {isa = PBXFileReference; fileEncoding = 4; lastKnownFileType = sourcecode.c.h; path = EventsViewController.h; sourceTree = "<group>"; };
		00FCF3261B88AD7A00F01997 /* EventsViewController.m */ = {isa = PBXFileReference; fileEncoding = 4; lastKnownFileType = sourcecode.c.objc; path = EventsViewController.m; sourceTree = "<group>"; };
		00FCF3281B8909C800F01997 /* EventDetailsViewController.h */ = {isa = PBXFileReference; fileEncoding = 4; lastKnownFileType = sourcecode.c.h; path = EventDetailsViewController.h; sourceTree = "<group>"; };
		00FCF3291B8909C800F01997 /* EventDetailsViewController.m */ = {isa = PBXFileReference; fileEncoding = 4; lastKnownFileType = sourcecode.c.objc; path = EventDetailsViewController.m; sourceTree = "<group>"; };
		B4D927974795D5F78560219F /* Pods.debug.xcconfig */ = {isa = PBXFileReference; includeInIndex = 1; lastKnownFileType = text.xcconfig; name = Pods.debug.xcconfig; path = "Pods/Target Support Files/Pods/Pods.debug.xcconfig"; sourceTree = "<group>"; };
		C1BEAF9DB3559D8F1C069D6C /* libPods.a */ = {isa = PBXFileReference; explicitFileType = archive.ar; includeInIndex = 0; path = libPods.a; sourceTree = BUILT_PRODUCTS_DIR; };
		D8C97FBBE7334E7B887C2638 /* Pods.release.xcconfig */ = {isa = PBXFileReference; includeInIndex = 1; lastKnownFileType = text.xcconfig; name = Pods.release.xcconfig; path = "Pods/Target Support Files/Pods/Pods.release.xcconfig"; sourceTree = "<group>"; };
/* End PBXFileReference section */

/* Begin PBXFrameworksBuildPhase section */
		00AD83091B874971005579DD /* Frameworks */ = {
			isa = PBXFrameworksBuildPhase;
			buildActionMask = 2147483647;
			files = (
				00FCF3241B87944500F01997 /* MapKit.framework in Frameworks */,
				AB890C7F1BF8D1D2EC1143A9 /* libPods.a in Frameworks */,
			);
			runOnlyForDeploymentPostprocessing = 0;
		};
		00AD83221B874971005579DD /* Frameworks */ = {
			isa = PBXFrameworksBuildPhase;
			buildActionMask = 2147483647;
			files = (
			);
			runOnlyForDeploymentPostprocessing = 0;
		};
/* End PBXFrameworksBuildPhase section */

/* Begin PBXGroup section */
		00AD83031B874971005579DD = {
			isa = PBXGroup;
			children = (
				00AD830E1B874971005579DD /* Marked */,
				00AD83281B874971005579DD /* MarkedTests */,
				00AD830D1B874971005579DD /* Products */,
				BB1A9050759E0C42AC87CB85 /* Pods */,
				A5CA8B320DA1F44EF888FAC1 /* Frameworks */,
			);
			sourceTree = "<group>";
		};
		00AD830D1B874971005579DD /* Products */ = {
			isa = PBXGroup;
			children = (
				00AD830C1B874971005579DD /* Marked.app */,
				00AD83251B874971005579DD /* MarkedTests.xctest */,
			);
			name = Products;
			sourceTree = "<group>";
		};
		00AD830E1B874971005579DD /* Marked */ = {
			isa = PBXGroup;
			children = (
				00AD83131B874971005579DD /* AppDelegate.h */,
				00AD83141B874971005579DD /* AppDelegate.m */,
				00AD83161B874971005579DD /* ViewController.h */,
				00AD83171B874971005579DD /* ViewController.m */,
				00AD83191B874971005579DD /* Main.storyboard */,
				00AD831C1B874971005579DD /* Images.xcassets */,
				00AD831E1B874971005579DD /* LaunchScreen.xib */,
				00FCF3201B87929500F01997 /* AddLocationViewController.h */,
				00FCF3211B87929500F01997 /* AddLocationViewController.m */,
				00FCF3251B88AD7A00F01997 /* EventsViewController.h */,
				00FCF3261B88AD7A00F01997 /* EventsViewController.m */,
				00FCF3281B8909C800F01997 /* EventDetailsViewController.h */,
				00FCF3291B8909C800F01997 /* EventDetailsViewController.m */,
				00AD830F1B874971005579DD /* Supporting Files */,
			);
			path = Marked;
			sourceTree = "<group>";
		};
		00AD830F1B874971005579DD /* Supporting Files */ = {
			isa = PBXGroup;
			children = (
				00AD83101B874971005579DD /* Info.plist */,
				00AD83111B874971005579DD /* main.m */,
			);
			name = "Supporting Files";
			sourceTree = "<group>";
		};
		00AD83281B874971005579DD /* MarkedTests */ = {
			isa = PBXGroup;
			children = (
				00AD832B1B874971005579DD /* MarkedTests.m */,
				00AD83291B874971005579DD /* Supporting Files */,
			);
			path = MarkedTests;
			sourceTree = "<group>";
		};
		00AD83291B874971005579DD /* Supporting Files */ = {
			isa = PBXGroup;
			children = (
				00AD832A1B874971005579DD /* Info.plist */,
			);
			name = "Supporting Files";
			sourceTree = "<group>";
		};
		A5CA8B320DA1F44EF888FAC1 /* Frameworks */ = {
			isa = PBXGroup;
			children = (
				00FCF3231B87944500F01997 /* MapKit.framework */,
				C1BEAF9DB3559D8F1C069D6C /* libPods.a */,
			);
			name = Frameworks;
			sourceTree = "<group>";
		};
		BB1A9050759E0C42AC87CB85 /* Pods */ = {
			isa = PBXGroup;
			children = (
				B4D927974795D5F78560219F /* Pods.debug.xcconfig */,
				D8C97FBBE7334E7B887C2638 /* Pods.release.xcconfig */,
			);
			name = Pods;
			sourceTree = "<group>";
		};
/* End PBXGroup section */

/* Begin PBXNativeTarget section */
		00AD830B1B874971005579DD /* Marked */ = {
			isa = PBXNativeTarget;
			buildConfigurationList = 00AD832F1B874971005579DD /* Build configuration list for PBXNativeTarget "Marked" */;
			buildPhases = (
				F87727FD400697CFCA5E8A3B /* Check Pods Manifest.lock */,
				00AD83081B874971005579DD /* Sources */,
				00AD83091B874971005579DD /* Frameworks */,
				00AD830A1B874971005579DD /* Resources */,
				D48762AEE2F22828F487FAEE /* Copy Pods Resources */,
			);
			buildRules = (
			);
			dependencies = (
			);
			name = Marked;
			productName = Marked;
			productReference = 00AD830C1B874971005579DD /* Marked.app */;
			productType = "com.apple.product-type.application";
		};
		00AD83241B874971005579DD /* MarkedTests */ = {
			isa = PBXNativeTarget;
			buildConfigurationList = 00AD83321B874971005579DD /* Build configuration list for PBXNativeTarget "MarkedTests" */;
			buildPhases = (
				00AD83211B874971005579DD /* Sources */,
				00AD83221B874971005579DD /* Frameworks */,
				00AD83231B874971005579DD /* Resources */,
			);
			buildRules = (
			);
			dependencies = (
				00AD83271B874971005579DD /* PBXTargetDependency */,
			);
			name = MarkedTests;
			productName = MarkedTests;
			productReference = 00AD83251B874971005579DD /* MarkedTests.xctest */;
			productType = "com.apple.product-type.bundle.unit-test";
		};
/* End PBXNativeTarget section */

/* Begin PBXProject section */
		00AD83041B874971005579DD /* Project object */ = {
			isa = PBXProject;
			attributes = {
				LastUpgradeCheck = 0640;
				ORGANIZATIONNAME = company;
				TargetAttributes = {
					00AD830B1B874971005579DD = {
						CreatedOnToolsVersion = 6.4;
					};
					00AD83241B874971005579DD = {
						CreatedOnToolsVersion = 6.4;
						TestTargetID = 00AD830B1B874971005579DD;
					};
				};
			};
			buildConfigurationList = 00AD83071B874971005579DD /* Build configuration list for PBXProject "Marked" */;
			compatibilityVersion = "Xcode 3.2";
			developmentRegion = English;
			hasScannedForEncodings = 0;
			knownRegions = (
				en,
				Base,
			);
			mainGroup = 00AD83031B874971005579DD;
			productRefGroup = 00AD830D1B874971005579DD /* Products */;
			projectDirPath = "";
			projectRoot = "";
			targets = (
				00AD830B1B874971005579DD /* Marked */,
				00AD83241B874971005579DD /* MarkedTests */,
			);
		};
/* End PBXProject section */

/* Begin PBXResourcesBuildPhase section */
		00AD830A1B874971005579DD /* Resources */ = {
			isa = PBXResourcesBuildPhase;
			buildActionMask = 2147483647;
			files = (
				00AD831B1B874971005579DD /* Main.storyboard in Resources */,
				00AD83201B874971005579DD /* LaunchScreen.xib in Resources */,
				00AD831D1B874971005579DD /* Images.xcassets in Resources */,
			);
			runOnlyForDeploymentPostprocessing = 0;
		};
		00AD83231B874971005579DD /* Resources */ = {
			isa = PBXResourcesBuildPhase;
			buildActionMask = 2147483647;
			files = (
			);
			runOnlyForDeploymentPostprocessing = 0;
		};
/* End PBXResourcesBuildPhase section */

/* Begin PBXShellScriptBuildPhase section */
		D48762AEE2F22828F487FAEE /* Copy Pods Resources */ = {
			isa = PBXShellScriptBuildPhase;
			buildActionMask = 2147483647;
			files = (
			);
			inputPaths = (
			);
			name = "Copy Pods Resources";
			outputPaths = (
			);
			runOnlyForDeploymentPostprocessing = 0;
			shellPath = /bin/sh;
			shellScript = "\"${SRCROOT}/Pods/Target Support Files/Pods/Pods-resources.sh\"\n";
			showEnvVarsInLog = 0;
		};
		F87727FD400697CFCA5E8A3B /* Check Pods Manifest.lock */ = {
			isa = PBXShellScriptBuildPhase;
			buildActionMask = 2147483647;
			files = (
			);
			inputPaths = (
			);
			name = "Check Pods Manifest.lock";
			outputPaths = (
			);
			runOnlyForDeploymentPostprocessing = 0;
			shellPath = /bin/sh;
			shellScript = "diff \"${PODS_ROOT}/../Podfile.lock\" \"${PODS_ROOT}/Manifest.lock\" > /dev/null\nif [[ $? != 0 ]] ; then\n    cat << EOM\nerror: The sandbox is not in sync with the Podfile.lock. Run 'pod install' or update your CocoaPods installation.\nEOM\n    exit 1\nfi\n";
			showEnvVarsInLog = 0;
		};
/* End PBXShellScriptBuildPhase section */

/* Begin PBXSourcesBuildPhase section */
		00AD83081B874971005579DD /* Sources */ = {
			isa = PBXSourcesBuildPhase;
			buildActionMask = 2147483647;
			files = (
				00FCF32A1B8909C800F01997 /* EventDetailsViewController.m in Sources */,
				00AD83181B874971005579DD /* ViewController.m in Sources */,
				00FCF3271B88AD7A00F01997 /* EventsViewController.m in Sources */,
				00AD83151B874971005579DD /* AppDelegate.m in Sources */,
				00AD83121B874971005579DD /* main.m in Sources */,
				00FCF3221B87929500F01997 /* AddLocationViewController.m in Sources */,
			);
			runOnlyForDeploymentPostprocessing = 0;
		};
		00AD83211B874971005579DD /* Sources */ = {
			isa = PBXSourcesBuildPhase;
			buildActionMask = 2147483647;
			files = (
				00AD832C1B874971005579DD /* MarkedTests.m in Sources */,
			);
			runOnlyForDeploymentPostprocessing = 0;
		};
/* End PBXSourcesBuildPhase section */

/* Begin PBXTargetDependency section */
		00AD83271B874971005579DD /* PBXTargetDependency */ = {
			isa = PBXTargetDependency;
			target = 00AD830B1B874971005579DD /* Marked */;
			targetProxy = 00AD83261B874971005579DD /* PBXContainerItemProxy */;
		};
/* End PBXTargetDependency section */

/* Begin PBXVariantGroup section */
		00AD83191B874971005579DD /* Main.storyboard */ = {
			isa = PBXVariantGroup;
			children = (
				00AD831A1B874971005579DD /* Base */,
			);
			name = Main.storyboard;
			sourceTree = "<group>";
		};
		00AD831E1B874971005579DD /* LaunchScreen.xib */ = {
			isa = PBXVariantGroup;
			children = (
				00AD831F1B874971005579DD /* Base */,
			);
			name = LaunchScreen.xib;
			sourceTree = "<group>";
		};
/* End PBXVariantGroup section */

/* Begin XCBuildConfiguration section */
		00AD832D1B874971005579DD /* Debug */ = {
			isa = XCBuildConfiguration;
			buildSettings = {
				ALWAYS_SEARCH_USER_PATHS = NO;
				CLANG_CXX_LANGUAGE_STANDARD = "gnu++0x";
				CLANG_CXX_LIBRARY = "libc++";
				CLANG_ENABLE_MODULES = YES;
				CLANG_ENABLE_OBJC_ARC = YES;
				CLANG_WARN_BOOL_CONVERSION = YES;
				CLANG_WARN_CONSTANT_CONVERSION = YES;
				CLANG_WARN_DIRECT_OBJC_ISA_USAGE = YES_ERROR;
				CLANG_WARN_EMPTY_BODY = YES;
				CLANG_WARN_ENUM_CONVERSION = YES;
				CLANG_WARN_INT_CONVERSION = YES;
				CLANG_WARN_OBJC_ROOT_CLASS = YES_ERROR;
				CLANG_WARN_UNREACHABLE_CODE = YES;
				CLANG_WARN__DUPLICATE_METHOD_MATCH = YES;
				"CODE_SIGN_IDENTITY[sdk=iphoneos*]" = "iPhone Developer";
				COPY_PHASE_STRIP = NO;
				DEBUG_INFORMATION_FORMAT = "dwarf-with-dsym";
				ENABLE_STRICT_OBJC_MSGSEND = YES;
				GCC_C_LANGUAGE_STANDARD = gnu99;
				GCC_DYNAMIC_NO_PIC = NO;
				GCC_NO_COMMON_BLOCKS = YES;
				GCC_OPTIMIZATION_LEVEL = 0;
				GCC_PREPROCESSOR_DEFINITIONS = (
					"DEBUG=1",
					"$(inherited)",
				);
				GCC_SYMBOLS_PRIVATE_EXTERN = NO;
				GCC_WARN_64_TO_32_BIT_CONVERSION = YES;
				GCC_WARN_ABOUT_RETURN_TYPE = YES_ERROR;
				GCC_WARN_UNDECLARED_SELECTOR = YES;
				GCC_WARN_UNINITIALIZED_AUTOS = YES_AGGRESSIVE;
				GCC_WARN_UNUSED_FUNCTION = YES;
				GCC_WARN_UNUSED_VARIABLE = YES;
				IPHONEOS_DEPLOYMENT_TARGET = 8.4;
				MTL_ENABLE_DEBUG_INFO = YES;
				ONLY_ACTIVE_ARCH = YES;
				SDKROOT = iphoneos;
				TARGETED_DEVICE_FAMILY = "1,2";
			};
			name = Debug;
		};
		00AD832E1B874971005579DD /* Release */ = {
			isa = XCBuildConfiguration;
			buildSettings = {
				ALWAYS_SEARCH_USER_PATHS = NO;
				CLANG_CXX_LANGUAGE_STANDARD = "gnu++0x";
				CLANG_CXX_LIBRARY = "libc++";
				CLANG_ENABLE_MODULES = YES;
				CLANG_ENABLE_OBJC_ARC = YES;
				CLANG_WARN_BOOL_CONVERSION = YES;
				CLANG_WARN_CONSTANT_CONVERSION = YES;
				CLANG_WARN_DIRECT_OBJC_ISA_USAGE = YES_ERROR;
				CLANG_WARN_EMPTY_BODY = YES;
				CLANG_WARN_ENUM_CONVERSION = YES;
				CLANG_WARN_INT_CONVERSION = YES;
				CLANG_WARN_OBJC_ROOT_CLASS = YES_ERROR;
				CLANG_WARN_UNREACHABLE_CODE = YES;
				CLANG_WARN__DUPLICATE_METHOD_MATCH = YES;
				"CODE_SIGN_IDENTITY[sdk=iphoneos*]" = "iPhone Developer";
				COPY_PHASE_STRIP = NO;
				DEBUG_INFORMATION_FORMAT = "dwarf-with-dsym";
				ENABLE_NS_ASSERTIONS = NO;
				ENABLE_STRICT_OBJC_MSGSEND = YES;
				GCC_C_LANGUAGE_STANDARD = gnu99;
				GCC_NO_COMMON_BLOCKS = YES;
				GCC_WARN_64_TO_32_BIT_CONVERSION = YES;
				GCC_WARN_ABOUT_RETURN_TYPE = YES_ERROR;
				GCC_WARN_UNDECLARED_SELECTOR = YES;
				GCC_WARN_UNINITIALIZED_AUTOS = YES_AGGRESSIVE;
				GCC_WARN_UNUSED_FUNCTION = YES;
				GCC_WARN_UNUSED_VARIABLE = YES;
				IPHONEOS_DEPLOYMENT_TARGET = 8.4;
				MTL_ENABLE_DEBUG_INFO = NO;
				SDKROOT = iphoneos;
				TARGETED_DEVICE_FAMILY = "1,2";
				VALIDATE_PRODUCT = YES;
			};
			name = Release;
		};
		00AD83301B874971005579DD /* Debug */ = {
			isa = XCBuildConfiguration;
			baseConfigurationReference = B4D927974795D5F78560219F /* Pods.debug.xcconfig */;
			buildSettings = {
				ASSETCATALOG_COMPILER_APPICON_NAME = AppIcon;
				INFOPLIST_FILE = Marked/Info.plist;
				LD_RUNPATH_SEARCH_PATHS = "$(inherited) @executable_path/Frameworks";
				PRODUCT_NAME = "$(TARGET_NAME)";
			};
			name = Debug;
		};
		00AD83311B874971005579DD /* Release */ = {
			isa = XCBuildConfiguration;
			baseConfigurationReference = D8C97FBBE7334E7B887C2638 /* Pods.release.xcconfig */;
			buildSettings = {
				ASSETCATALOG_COMPILER_APPICON_NAME = AppIcon;
				INFOPLIST_FILE = Marked/Info.plist;
				LD_RUNPATH_SEARCH_PATHS = "$(inherited) @executable_path/Frameworks";
				PRODUCT_NAME = "$(TARGET_NAME)";
			};
			name = Release;
		};
		00AD83331B874971005579DD /* Debug */ = {
			isa = XCBuildConfiguration;
			buildSettings = {
				BUNDLE_LOADER = "$(TEST_HOST)";
				FRAMEWORK_SEARCH_PATHS = (
					"$(SDKROOT)/Developer/Library/Frameworks",
					"$(inherited)",
				);
				GCC_PREPROCESSOR_DEFINITIONS = (
					"DEBUG=1",
					"$(inherited)",
				);
				INFOPLIST_FILE = MarkedTests/Info.plist;
				LD_RUNPATH_SEARCH_PATHS = "$(inherited) @executable_path/Frameworks @loader_path/Frameworks";
				PRODUCT_NAME = "$(TARGET_NAME)";
				TEST_HOST = "$(BUILT_PRODUCTS_DIR)/Marked.app/Marked";
			};
			name = Debug;
		};
		00AD83341B874971005579DD /* Release */ = {
			isa = XCBuildConfiguration;
			buildSettings = {
				BUNDLE_LOADER = "$(TEST_HOST)";
				FRAMEWORK_SEARCH_PATHS = (
					"$(SDKROOT)/Developer/Library/Frameworks",
					"$(inherited)",
				);
				INFOPLIST_FILE = MarkedTests/Info.plist;
				LD_RUNPATH_SEARCH_PATHS = "$(inherited) @executable_path/Frameworks @loader_path/Frameworks";
				PRODUCT_NAME = "$(TARGET_NAME)";
				TEST_HOST = "$(BUILT_PRODUCTS_DIR)/Marked.app/Marked";
			};
			name = Release;
		};
/* End XCBuildConfiguration section */

/* Begin XCConfigurationList section */
		00AD83071B874971005579DD /* Build configuration list for PBXProject "Marked" */ = {
			isa = XCConfigurationList;
			buildConfigurations = (
				00AD832D1B874971005579DD /* Debug */,
				00AD832E1B874971005579DD /* Release */,
			);
			defaultConfigurationIsVisible = 0;
			defaultConfigurationName = Release;
		};
		00AD832F1B874971005579DD /* Build configuration list for PBXNativeTarget "Marked" */ = {
			isa = XCConfigurationList;
			buildConfigurations = (
				00AD83301B874971005579DD /* Debug */,
				00AD83311B874971005579DD /* Release */,
			);
			defaultConfigurationIsVisible = 0;
			defaultConfigurationName = Release;
		};
		00AD83321B874971005579DD /* Build configuration list for PBXNativeTarget "MarkedTests" */ = {
			isa = XCConfigurationList;
			buildConfigurations = (
				00AD83331B874971005579DD /* Debug */,
				00AD83341B874971005579DD /* Release */,
			);
			defaultConfigurationIsVisible = 0;
			defaultConfigurationName = Release;
		};
/* End XCConfigurationList section */
	};
	rootObject = 00AD83041B874971005579DD /* Project object */;
}
